{
  "version": 4,
  "terraform_version": "1.10.5",
  "serial": 4,
  "lineage": "1004952a-9b66-4a4f-c0eb-fe98e3648512",
  "outputs": {},
  "resources": [
    {
      "mode": "managed",
      "type": "github_repository",
      "name": "image-api",
      "provider": "provider[\"registry.terraform.io/integrations/github\"]",
      "instances": [
        {
          "schema_version": 1,
          "attributes": {
            "allow_auto_merge": false,
            "allow_merge_commit": true,
            "allow_rebase_merge": true,
            "allow_squash_merge": true,
            "allow_update_branch": false,
            "archive_on_destroy": null,
            "archived": false,
            "auto_init": false,
            "default_branch": "main",
            "delete_branch_on_merge": false,
            "description": "This repo is managed by Terraform",
            "etag": "W/\"3734955475a4a9c6b8c447397a3d5bf97cc8af1f9e453ef90fbbf2605892b88d\"",
            "full_name": "nagarjuncsrecloud/image-api",
            "git_clone_url": "git://github.com/nagarjuncsrecloud/image-api.git",
            "gitignore_template": null,
            "has_discussions": false,
            "has_downloads": false,
            "has_issues": false,
            "has_projects": false,
            "has_wiki": false,
            "homepage_url": "",
            "html_url": "https://github.com/nagarjuncsrecloud/image-api",
            "http_clone_url": "https://github.com/nagarjuncsrecloud/image-api.git",
            "id": "image-api",
            "ignore_vulnerability_alerts_during_read": null,
            "is_template": false,
            "license_template": null,
            "merge_commit_message": "PR_TITLE",
            "merge_commit_title": "MERGE_MESSAGE",
            "name": "image-api",
            "node_id": "R_kgDON_lUyQ",
            "pages": [],
            "primary_language": "",
            "private": false,
            "repo_id": 939087049,
            "security_and_analysis": [
              {
                "advanced_security": [],
                "secret_scanning": [
                  {
                    "status": "enabled"
                  }
                ],
                "secret_scanning_push_protection": [
                  {
                    "status": "enabled"
                  }
                ]
              }
            ],
            "squash_merge_commit_message": "COMMIT_MESSAGES",
            "squash_merge_commit_title": "COMMIT_OR_PR_TITLE",
            "ssh_clone_url": "git@github.com:nagarjuncsrecloud/image-api.git",
            "svn_url": "https://github.com/nagarjuncsrecloud/image-api",
            "template": [],
            "topics": [],
            "visibility": "public",
            "vulnerability_alerts": false,
            "web_commit_signoff_required": false
          },
          "sensitive_attributes": [],
          "private": "eyJzY2hlbWFfdmVyc2lvbiI6IjEifQ=="
        }
      ]
    }
  ],
  "check_results": null
}
